// !$*UTF8*$!
{
	archiveVersion = 1;
	classes = {
	};
	objectVersion = 50;
	objects = {

/* Begin PBXBuildFile section */
		6C36D3EC214515DE00E92282 /* AppDelegate.swift in Sources */ = {isa = PBXBuildFile; fileRef = 6C36D3EB214515DE00E92282 /* AppDelegate.swift */; };
		6C36D3EE214515DE00E92282 /* ViewController.swift in Sources */ = {isa = PBXBuildFile; fileRef = 6C36D3ED214515DE00E92282 /* ViewController.swift */; };
		6C36D3F1214515DE00E92282 /* Main.storyboard in Resources */ = {isa = PBXBuildFile; fileRef = 6C36D3EF214515DE00E92282 /* Main.storyboard */; };
		6C36D3F3214515DF00E92282 /* Assets.xcassets in Resources */ = {isa = PBXBuildFile; fileRef = 6C36D3F2214515DF00E92282 /* Assets.xcassets */; };
		6C36D3F6214515DF00E92282 /* LaunchScreen.storyboard in Resources */ = {isa = PBXBuildFile; fileRef = 6C36D3F4214515DF00E92282 /* LaunchScreen.storyboard */; };
		6C36D401214515E000E92282 /* MyMoyaTests.swift in Sources */ = {isa = PBXBuildFile; fileRef = 6C36D400214515E000E92282 /* MyMoyaTests.swift */; };
		6C36D40C214515E000E92282 /* MyMoyaUITests.swift in Sources */ = {isa = PBXBuildFile; fileRef = 6C36D40B214515E000E92282 /* MyMoyaUITests.swift */; };
		6C36D41A2145222C00E92282 /* NetAPI.swift in Sources */ = {isa = PBXBuildFile; fileRef = 6C36D4192145222C00E92282 /* NetAPI.swift */; };
		6C36D49D2145274D00E92282 /* Alamofire.framework in Frameworks */ = {isa = PBXBuildFile; fileRef = 6C36D4662145262800E92282 /* Alamofire.framework */; };
		6C36D49E2145274D00E92282 /* Alamofire.framework in Embed Frameworks */ = {isa = PBXBuildFile; fileRef = 6C36D4662145262800E92282 /* Alamofire.framework */; settings = {ATTRIBUTES = (CodeSignOnCopy, RemoveHeadersOnCopy, ); }; };
		6C36D49F2145274D00E92282 /* Moya.framework in Frameworks */ = {isa = PBXBuildFile; fileRef = 6C36D46F2145262800E92282 /* Moya.framework */; };
		6C36D4A02145274D00E92282 /* Moya.framework in Embed Frameworks */ = {isa = PBXBuildFile; fileRef = 6C36D46F2145262800E92282 /* Moya.framework */; settings = {ATTRIBUTES = (CodeSignOnCopy, RemoveHeadersOnCopy, ); }; };
		6C36D4A72145274D00E92282 /* SwiftyJSON.framework in Frameworks */ = {isa = PBXBuildFile; fileRef = 6C36D46D2145262800E92282 /* SwiftyJSON.framework */; };
		6C36D4A82145274D00E92282 /* SwiftyJSON.framework in Embed Frameworks */ = {isa = PBXBuildFile; fileRef = 6C36D46D2145262800E92282 /* SwiftyJSON.framework */; settings = {ATTRIBUTES = (CodeSignOnCopy, RemoveHeadersOnCopy, ); }; };
		6C36D4AC2145298500E92282 /* Result.framework in Frameworks */ = {isa = PBXBuildFile; fileRef = 6C36D4AA2145297D00E92282 /* Result.framework */; };
		6C36D4AD2145298500E92282 /* Result.framework in Embed Frameworks */ = {isa = PBXBuildFile; fileRef = 6C36D4AA2145297D00E92282 /* Result.framework */; settings = {ATTRIBUTES = (CodeSignOnCopy, RemoveHeadersOnCopy, ); }; };
		6C36D4AF2145337A00E92282 /* HeroesAPI.swift in Sources */ = {isa = PBXBuildFile; fileRef = 6C36D4AE2145337A00E92282 /* HeroesAPI.swift */; };
/* End PBXBuildFile section */

/* Begin PBXContainerItemProxy section */
		6C36D3FD214515E000E92282 /* PBXContainerItemProxy */ = {
			isa = PBXContainerItemProxy;
			containerPortal = 6C36D3E0214515DE00E92282 /* Project object */;
			proxyType = 1;
			remoteGlobalIDString = 6C36D3E7214515DE00E92282;
			remoteInfo = MyMoya;
		};
		6C36D408214515E000E92282 /* PBXContainerItemProxy */ = {
			isa = PBXContainerItemProxy;
			containerPortal = 6C36D3E0214515DE00E92282 /* Project object */;
			proxyType = 1;
			remoteGlobalIDString = 6C36D3E7214515DE00E92282;
			remoteInfo = MyMoya;
		};
/* End PBXContainerItemProxy section */

/* Begin PBXCopyFilesBuildPhase section */
		6C36D4A92145274D00E92282 /* Embed Frameworks */ = {
			isa = PBXCopyFilesBuildPhase;
			buildActionMask = 2147483647;
			dstPath = "";
			dstSubfolderSpec = 10;
			files = (
				6C36D4A02145274D00E92282 /* Moya.framework in Embed Frameworks */,
				6C36D4A82145274D00E92282 /* SwiftyJSON.framework in Embed Frameworks */,
				6C36D49E2145274D00E92282 /* Alamofire.framework in Embed Frameworks */,
				6C36D4AD2145298500E92282 /* Result.framework in Embed Frameworks */,
			);
			name = "Embed Frameworks";
			runOnlyForDeploymentPostprocessing = 0;
		};
/* End PBXCopyFilesBuildPhase section */

/* Begin PBXFileReference section */
		6C36D3E8214515DE00E92282 /* MyMoya.app */ = {isa = PBXFileReference; explicitFileType = wrapper.application; includeInIndex = 0; path = MyMoya.app; sourceTree = BUILT_PRODUCTS_DIR; };
		6C36D3EB214515DE00E92282 /* AppDelegate.swift */ = {isa = PBXFileReference; lastKnownFileType = sourcecode.swift; path = AppDelegate.swift; sourceTree = "<group>"; };
		6C36D3ED214515DE00E92282 /* ViewController.swift */ = {isa = PBXFileReference; lastKnownFileType = sourcecode.swift; path = ViewController.swift; sourceTree = "<group>"; };
		6C36D3F0214515DE00E92282 /* Base */ = {isa = PBXFileReference; lastKnownFileType = file.storyboard; name = Base; path = Base.lproj/Main.storyboard; sourceTree = "<group>"; };
		6C36D3F2214515DF00E92282 /* Assets.xcassets */ = {isa = PBXFileReference; lastKnownFileType = folder.assetcatalog; path = Assets.xcassets; sourceTree = "<group>"; };
		6C36D3F5214515DF00E92282 /* Base */ = {isa = PBXFileReference; lastKnownFileType = file.storyboard; name = Base; path = Base.lproj/LaunchScreen.storyboard; sourceTree = "<group>"; };
		6C36D3F7214515DF00E92282 /* Info.plist */ = {isa = PBXFileReference; lastKnownFileType = text.plist.xml; path = Info.plist; sourceTree = "<group>"; };
		6C36D3FC214515E000E92282 /* MyMoyaTests.xctest */ = {isa = PBXFileReference; explicitFileType = wrapper.cfbundle; includeInIndex = 0; path = MyMoyaTests.xctest; sourceTree = BUILT_PRODUCTS_DIR; };
		6C36D400214515E000E92282 /* MyMoyaTests.swift */ = {isa = PBXFileReference; lastKnownFileType = sourcecode.swift; path = MyMoyaTests.swift; sourceTree = "<group>"; };
		6C36D402214515E000E92282 /* Info.plist */ = {isa = PBXFileReference; lastKnownFileType = text.plist.xml; path = Info.plist; sourceTree = "<group>"; };
		6C36D407214515E000E92282 /* MyMoyaUITests.xctest */ = {isa = PBXFileReference; explicitFileType = wrapper.cfbundle; includeInIndex = 0; path = MyMoyaUITests.xctest; sourceTree = BUILT_PRODUCTS_DIR; };
		6C36D40B214515E000E92282 /* MyMoyaUITests.swift */ = {isa = PBXFileReference; lastKnownFileType = sourcecode.swift; path = MyMoyaUITests.swift; sourceTree = "<group>"; };
		6C36D40D214515E000E92282 /* Info.plist */ = {isa = PBXFileReference; lastKnownFileType = text.plist.xml; path = Info.plist; sourceTree = "<group>"; };
		6C36D4192145222C00E92282 /* NetAPI.swift */ = {isa = PBXFileReference; lastKnownFileType = sourcecode.swift; path = NetAPI.swift; sourceTree = "<group>"; };
		6C36D4662145262800E92282 /* Alamofire.framework */ = {isa = PBXFileReference; lastKnownFileType = wrapper.framework; name = Alamofire.framework; path = Carthage/Build/iOS/Alamofire.framework; sourceTree = "<group>"; };
		6C36D46D2145262800E92282 /* SwiftyJSON.framework */ = {isa = PBXFileReference; lastKnownFileType = wrapper.framework; name = SwiftyJSON.framework; path = Carthage/Build/iOS/SwiftyJSON.framework; sourceTree = "<group>"; };
		6C36D46F2145262800E92282 /* Moya.framework */ = {isa = PBXFileReference; lastKnownFileType = wrapper.framework; name = Moya.framework; path = Carthage/Build/iOS/Moya.framework; sourceTree = "<group>"; };
		6C36D4AA2145297D00E92282 /* Result.framework */ = {isa = PBXFileReference; lastKnownFileType = wrapper.framework; name = Result.framework; path = Carthage/Build/iOS/Result.framework; sourceTree = "<group>"; };
		6C36D4AE2145337A00E92282 /* HeroesAPI.swift */ = {isa = PBXFileReference; lastKnownFileType = sourcecode.swift; path = HeroesAPI.swift; sourceTree = "<group>"; };
/* End PBXFileReference section */

/* Begin PBXFrameworksBuildPhase section */
		6C36D3E5214515DE00E92282 /* Frameworks */ = {
			isa = PBXFrameworksBuildPhase;
			buildActionMask = 2147483647;
			files = (
				6C36D49F2145274D00E92282 /* Moya.framework in Frameworks */,
				6C36D4A72145274D00E92282 /* SwiftyJSON.framework in Frameworks */,
				6C36D49D2145274D00E92282 /* Alamofire.framework in Frameworks */,
				6C36D4AC2145298500E92282 /* Result.framework in Frameworks */,
			);
			runOnlyForDeploymentPostprocessing = 0;
		};
		6C36D3F9214515E000E92282 /* Frameworks */ = {
			isa = PBXFrameworksBuildPhase;
			buildActionMask = 2147483647;
			files = (
			);
			runOnlyForDeploymentPostprocessing = 0;
		};
		6C36D404214515E000E92282 /* Frameworks */ = {
			isa = PBXFrameworksBuildPhase;
			buildActionMask = 2147483647;
			files = (
			);
			runOnlyForDeploymentPostprocessing = 0;
		};
/* End PBXFrameworksBuildPhase section */

/* Begin PBXGroup section */
		6C36D3DF214515DE00E92282 = {
			isa = PBXGroup;
			children = (
				6C36D3EA214515DE00E92282 /* MyMoya */,
				6C36D3FF214515E000E92282 /* MyMoyaTests */,
				6C36D40A214515E000E92282 /* MyMoyaUITests */,
				6C36D3E9214515DE00E92282 /* Products */,
				6C36D4402145234B00E92282 /* Frameworks */,
			);
			sourceTree = "<group>";
		};
		6C36D3E9214515DE00E92282 /* Products */ = {
			isa = PBXGroup;
			children = (
				6C36D3E8214515DE00E92282 /* MyMoya.app */,
				6C36D3FC214515E000E92282 /* MyMoyaTests.xctest */,
				6C36D407214515E000E92282 /* MyMoyaUITests.xctest */,
			);
			name = Products;
			sourceTree = "<group>";
		};
		6C36D3EA214515DE00E92282 /* MyMoya */ = {
			isa = PBXGroup;
			children = (
				6C36D3EB214515DE00E92282 /* AppDelegate.swift */,
				6C36D3ED214515DE00E92282 /* ViewController.swift */,
				6C36D3EF214515DE00E92282 /* Main.storyboard */,
				6C36D3F2214515DF00E92282 /* Assets.xcassets */,
				6C36D3F4214515DF00E92282 /* LaunchScreen.storyboard */,
				6C36D3F7214515DF00E92282 /* Info.plist */,
				6C36D4192145222C00E92282 /* NetAPI.swift */,
				6C36D4AE2145337A00E92282 /* HeroesAPI.swift */,
			);
			path = MyMoya;
			sourceTree = "<group>";
		};
		6C36D3FF214515E000E92282 /* MyMoyaTests */ = {
			isa = PBXGroup;
			children = (
				6C36D400214515E000E92282 /* MyMoyaTests.swift */,
				6C36D402214515E000E92282 /* Info.plist */,
			);
			path = MyMoyaTests;
			sourceTree = "<group>";
		};
		6C36D40A214515E000E92282 /* MyMoyaUITests */ = {
			isa = PBXGroup;
			children = (
				6C36D40B214515E000E92282 /* MyMoyaUITests.swift */,
				6C36D40D214515E000E92282 /* Info.plist */,
			);
			path = MyMoyaUITests;
			sourceTree = "<group>";
		};
		6C36D4402145234B00E92282 /* Frameworks */ = {
			isa = PBXGroup;
			children = (
				6C36D4AA2145297D00E92282 /* Result.framework */,
				6C36D4662145262800E92282 /* Alamofire.framework */,
				6C36D46F2145262800E92282 /* Moya.framework */,
				6C36D46D2145262800E92282 /* SwiftyJSON.framework */,
			);
			name = Frameworks;
			sourceTree = "<group>";
		};
/* End PBXGroup section */

/* Begin PBXNativeTarget section */
		6C36D3E7214515DE00E92282 /* MyMoya */ = {
			isa = PBXNativeTarget;
			buildConfigurationList = 6C36D410214515E000E92282 /* Build configuration list for PBXNativeTarget "MyMoya" */;
			buildPhases = (
				6C36D3E4214515DE00E92282 /* Sources */,
				6C36D3E5214515DE00E92282 /* Frameworks */,
				6C36D3E6214515DE00E92282 /* Resources */,
				6C36D4A92145274D00E92282 /* Embed Frameworks */,
			);
			buildRules = (
			);
			dependencies = (
			);
			name = MyMoya;
			productName = MyMoya;
			productReference = 6C36D3E8214515DE00E92282 /* MyMoya.app */;
			productType = "com.apple.product-type.application";
		};
		6C36D3FB214515E000E92282 /* MyMoyaTests */ = {
			isa = PBXNativeTarget;
			buildConfigurationList = 6C36D413214515E000E92282 /* Build configuration list for PBXNativeTarget "MyMoyaTests" */;
			buildPhases = (
				6C36D3F8214515E000E92282 /* Sources */,
				6C36D3F9214515E000E92282 /* Frameworks */,
				6C36D3FA214515E000E92282 /* Resources */,
			);
			buildRules = (
			);
			dependencies = (
				6C36D3FE214515E000E92282 /* PBXTargetDependency */,
			);
			name = MyMoyaTests;
			productName = MyMoyaTests;
			productReference = 6C36D3FC214515E000E92282 /* MyMoyaTests.xctest */;
			productType = "com.apple.product-type.bundle.unit-test";
		};
		6C36D406214515E000E92282 /* MyMoyaUITests */ = {
			isa = PBXNativeTarget;
			buildConfigurationList = 6C36D416214515E000E92282 /* Build configuration list for PBXNativeTarget "MyMoyaUITests" */;
			buildPhases = (
				6C36D403214515E000E92282 /* Sources */,
				6C36D404214515E000E92282 /* Frameworks */,
				6C36D405214515E000E92282 /* Resources */,
			);
			buildRules = (
			);
			dependencies = (
				6C36D409214515E000E92282 /* PBXTargetDependency */,
			);
			name = MyMoyaUITests;
			productName = MyMoyaUITests;
			productReference = 6C36D407214515E000E92282 /* MyMoyaUITests.xctest */;
			productType = "com.apple.product-type.bundle.ui-testing";
		};
/* End PBXNativeTarget section */

/* Begin PBXProject section */
		6C36D3E0214515DE00E92282 /* Project object */ = {
			isa = PBXProject;
			attributes = {
				LastSwiftUpdateCheck = 0940;
				LastUpgradeCheck = 0940;
				ORGANIZATIONNAME = Jason;
				TargetAttributes = {
					6C36D3E7214515DE00E92282 = {
						CreatedOnToolsVersion = 9.4.1;
					};
					6C36D3FB214515E000E92282 = {
						CreatedOnToolsVersion = 9.4.1;
						TestTargetID = 6C36D3E7214515DE00E92282;
					};
					6C36D406214515E000E92282 = {
						CreatedOnToolsVersion = 9.4.1;
						TestTargetID = 6C36D3E7214515DE00E92282;
					};
				};
			};
			buildConfigurationList = 6C36D3E3214515DE00E92282 /* Build configuration list for PBXProject "MyMoya" */;
			compatibilityVersion = "Xcode 9.3";
			developmentRegion = en;
			hasScannedForEncodings = 0;
			knownRegions = (
				en,
				Base,
			);
			mainGroup = 6C36D3DF214515DE00E92282;
			productRefGroup = 6C36D3E9214515DE00E92282 /* Products */;
			projectDirPath = "";
			projectRoot = "";
			targets = (
				6C36D3E7214515DE00E92282 /* MyMoya */,
				6C36D3FB214515E000E92282 /* MyMoyaTests */,
				6C36D406214515E000E92282 /* MyMoyaUITests */,
			);
		};
/* End PBXProject section */

/* Begin PBXResourcesBuildPhase section */
		6C36D3E6214515DE00E92282 /* Resources */ = {
			isa = PBXResourcesBuildPhase;
			buildActionMask = 2147483647;
			files = (
				6C36D3F6214515DF00E92282 /* LaunchScreen.storyboard in Resources */,
				6C36D3F3214515DF00E92282 /* Assets.xcassets in Resources */,
				6C36D3F1214515DE00E92282 /* Main.storyboard in Resources */,
			);
			runOnlyForDeploymentPostprocessing = 0;
		};
		6C36D3FA214515E000E92282 /* Resources */ = {
			isa = PBXResourcesBuildPhase;
			buildActionMask = 2147483647;
			files = (
			);
			runOnlyForDeploymentPostprocessing = 0;
		};
		6C36D405214515E000E92282 /* Resources */ = {
			isa = PBXResourcesBuildPhase;
			buildActionMask = 2147483647;
			files = (
			);
			runOnlyForDeploymentPostprocessing = 0;
		};
/* End PBXResourcesBuildPhase section */

/* Begin PBXSourcesBuildPhase section */
		6C36D3E4214515DE00E92282 /* Sources */ = {
			isa = PBXSourcesBuildPhase;
			buildActionMask = 2147483647;
			files = (
				6C36D41A2145222C00E92282 /* NetAPI.swift in Sources */,
				6C36D3EE214515DE00E92282 /* ViewController.swift in Sources */,
				6C36D4AF2145337A00E92282 /* HeroesAPI.swift in Sources */,
				6C36D3EC214515DE00E92282 /* AppDelegate.swift in Sources */,
			);
			runOnlyForDeploymentPostprocessing = 0;
		};
		6C36D3F8214515E000E92282 /* Sources */ = {
			isa = PBXSourcesBuildPhase;
			buildActionMask = 2147483647;
			files = (
				6C36D401214515E000E92282 /* MyMoyaTests.swift in Sources */,
			);
			runOnlyForDeploymentPostprocessing = 0;
		};
		6C36D403214515E000E92282 /* Sources */ = {
			isa = PBXSourcesBuildPhase;
			buildActionMask = 2147483647;
			files = (
				6C36D40C214515E000E92282 /* MyMoyaUITests.swift in Sources */,
			);
			runOnlyForDeploymentPostprocessing = 0;
		};
/* End PBXSourcesBuildPhase section */

/* Begin PBXTargetDependency section */
		6C36D3FE214515E000E92282 /* PBXTargetDependency */ = {
			isa = PBXTargetDependency;
			target = 6C36D3E7214515DE00E92282 /* MyMoya */;
			targetProxy = 6C36D3FD214515E000E92282 /* PBXContainerItemProxy */;
		};
		6C36D409214515E000E92282 /* PBXTargetDependency */ = {
			isa = PBXTargetDependency;
			target = 6C36D3E7214515DE00E92282 /* MyMoya */;
			targetProxy = 6C36D408214515E000E92282 /* PBXContainerItemProxy */;
		};
/* End PBXTargetDependency section */

/* Begin PBXVariantGroup section */
		6C36D3EF214515DE00E92282 /* Main.storyboard */ = {
			isa = PBXVariantGroup;
			children = (
				6C36D3F0214515DE00E92282 /* Base */,
			);
			name = Main.storyboard;
			sourceTree = "<group>";
		};
		6C36D3F4214515DF00E92282 /* LaunchScreen.storyboard */ = {
			isa = PBXVariantGroup;
			children = (
				6C36D3F5214515DF00E92282 /* Base */,
			);
			name = LaunchScreen.storyboard;
			sourceTree = "<group>";
		};
/* End PBXVariantGroup section */

/* Begin XCBuildConfiguration section */
		6C36D40E214515E000E92282 /* Debug */ = {
			isa = XCBuildConfiguration;
			buildSettings = {
				ALWAYS_SEARCH_USER_PATHS = NO;
				CLANG_ANALYZER_NONNULL = YES;
				CLANG_ANALYZER_NUMBER_OBJECT_CONVERSION = YES_AGGRESSIVE;
				CLANG_CXX_LANGUAGE_STANDARD = "gnu++14";
				CLANG_CXX_LIBRARY = "libc++";
				CLANG_ENABLE_MODULES = YES;
				CLANG_ENABLE_OBJC_ARC = YES;
				CLANG_ENABLE_OBJC_WEAK = YES;
				CLANG_WARN_BLOCK_CAPTURE_AUTORELEASING = YES;
				CLANG_WARN_BOOL_CONVERSION = YES;
				CLANG_WARN_COMMA = YES;
				CLANG_WARN_CONSTANT_CONVERSION = YES;
				CLANG_WARN_DEPRECATED_OBJC_IMPLEMENTATIONS = YES;
				CLANG_WARN_DIRECT_OBJC_ISA_USAGE = YES_ERROR;
				CLANG_WARN_DOCUMENTATION_COMMENTS = YES;
				CLANG_WARN_EMPTY_BODY = YES;
				CLANG_WARN_ENUM_CONVERSION = YES;
				CLANG_WARN_INFINITE_RECURSION = YES;
				CLANG_WARN_INT_CONVERSION = YES;
				CLANG_WARN_NON_LITERAL_NULL_CONVERSION = YES;
				CLANG_WARN_OBJC_IMPLICIT_RETAIN_SELF = YES;
				CLANG_WARN_OBJC_LITERAL_CONVERSION = YES;
				CLANG_WARN_OBJC_ROOT_CLASS = YES_ERROR;
				CLANG_WARN_RANGE_LOOP_ANALYSIS = YES;
				CLANG_WARN_STRICT_PROTOTYPES = YES;
				CLANG_WARN_SUSPICIOUS_MOVE = YES;
				CLANG_WARN_UNGUARDED_AVAILABILITY = YES_AGGRESSIVE;
				CLANG_WARN_UNREACHABLE_CODE = YES;
				CLANG_WARN__DUPLICATE_METHOD_MATCH = YES;
				CODE_SIGN_IDENTITY = "iPhone Developer";
				COPY_PHASE_STRIP = NO;
				DEBUG_INFORMATION_FORMAT = dwarf;
				ENABLE_STRICT_OBJC_MSGSEND = YES;
				ENABLE_TESTABILITY = YES;
				GCC_C_LANGUAGE_STANDARD = gnu11;
				GCC_DYNAMIC_NO_PIC = NO;
				GCC_NO_COMMON_BLOCKS = YES;
				GCC_OPTIMIZATION_LEVEL = 0;
				GCC_PREPROCESSOR_DEFINITIONS = (
					"DEBUG=1",
					"$(inherited)",
				);
				GCC_WARN_64_TO_32_BIT_CONVERSION = YES;
				GCC_WARN_ABOUT_RETURN_TYPE = YES_ERROR;
				GCC_WARN_UNDECLARED_SELECTOR = YES;
				GCC_WARN_UNINITIALIZED_AUTOS = YES_AGGRESSIVE;
				GCC_WARN_UNUSED_FUNCTION = YES;
				GCC_WARN_UNUSED_VARIABLE = YES;
				IPHONEOS_DEPLOYMENT_TARGET = 11.4;
				MTL_ENABLE_DEBUG_INFO = YES;
				ONLY_ACTIVE_ARCH = YES;
				SDKROOT = iphoneos;
				SWIFT_ACTIVE_COMPILATION_CONDITIONS = DEBUG;
				SWIFT_OPTIMIZATION_LEVEL = "-Onone";
			};
			name = Debug;
		};
		6C36D40F214515E000E92282 /* Release */ = {
			isa = XCBuildConfiguration;
			buildSettings = {
				ALWAYS_SEARCH_USER_PATHS = NO;
				CLANG_ANALYZER_NONNULL = YES;
				CLANG_ANALYZER_NUMBER_OBJECT_CONVERSION = YES_AGGRESSIVE;
				CLANG_CXX_LANGUAGE_STANDARD = "gnu++14";
				CLANG_CXX_LIBRARY = "libc++";
				CLANG_ENABLE_MODULES = YES;
				CLANG_ENABLE_OBJC_ARC = YES;
				CLANG_ENABLE_OBJC_WEAK = YES;
				CLANG_WARN_BLOCK_CAPTURE_AUTORELEASING = YES;
				CLANG_WARN_BOOL_CONVERSION = YES;
				CLANG_WARN_COMMA = YES;
				CLANG_WARN_CONSTANT_CONVERSION = YES;
				CLANG_WARN_DEPRECATED_OBJC_IMPLEMENTATIONS = YES;
				CLANG_WARN_DIRECT_OBJC_ISA_USAGE = YES_ERROR;
				CLANG_WARN_DOCUMENTATION_COMMENTS = YES;
				CLANG_WARN_EMPTY_BODY = YES;
				CLANG_WARN_ENUM_CONVERSION = YES;
				CLANG_WARN_INFINITE_RECURSION = YES;
				CLANG_WARN_INT_CONVERSION = YES;
				CLANG_WARN_NON_LITERAL_NULL_CONVERSION = YES;
				CLANG_WARN_OBJC_IMPLICIT_RETAIN_SELF = YES;
				CLANG_WARN_OBJC_LITERAL_CONVERSION = YES;
				CLANG_WARN_OBJC_ROOT_CLASS = YES_ERROR;
				CLANG_WARN_RANGE_LOOP_ANALYSIS = YES;
				CLANG_WARN_STRICT_PROTOTYPES = YES;
				CLANG_WARN_SUSPICIOUS_MOVE = YES;
				CLANG_WARN_UNGUARDED_AVAILABILITY = YES_AGGRESSIVE;
				CLANG_WARN_UNREACHABLE_CODE = YES;
				CLANG_WARN__DUPLICATE_METHOD_MATCH = YES;
				CODE_SIGN_IDENTITY = "iPhone Developer";
				COPY_PHASE_STRIP = NO;
				DEBUG_INFORMATION_FORMAT = "dwarf-with-dsym";
				ENABLE_NS_ASSERTIONS = NO;
				ENABLE_STRICT_OBJC_MSGSEND = YES;
				GCC_C_LANGUAGE_STANDARD = gnu11;
				GCC_NO_COMMON_BLOCKS = YES;
				GCC_WARN_64_TO_32_BIT_CONVERSION = YES;
				GCC_WARN_ABOUT_RETURN_TYPE = YES_ERROR;
				GCC_WARN_UNDECLARED_SELECTOR = YES;
				GCC_WARN_UNINITIALIZED_AUTOS = YES_AGGRESSIVE;
				GCC_WARN_UNUSED_FUNCTION = YES;
				GCC_WARN_UNUSED_VARIABLE = YES;
				IPHONEOS_DEPLOYMENT_TARGET = 11.4;
				MTL_ENABLE_DEBUG_INFO = NO;
				SDKROOT = iphoneos;
				SWIFT_COMPILATION_MODE = wholemodule;
				SWIFT_OPTIMIZATION_LEVEL = "-O";
				VALIDATE_PRODUCT = YES;
			};
			name = Release;
		};
		6C36D411214515E000E92282 /* Debug */ = {
			isa = XCBuildConfiguration;
			buildSettings = {
				ASSETCATALOG_COMPILER_APPICON_NAME = AppIcon;
				CODE_SIGN_STYLE = Automatic;
				DEVELOPMENT_TEAM = 7YRRPBDK2Z;
				FRAMEWORK_SEARCH_PATHS = (
					"$(inherited)",
					"$(PROJECT_DIR)/Carthage/Build/iOS",
				);
				INFOPLIST_FILE = MyMoya/Info.plist;
				LD_RUNPATH_SEARCH_PATHS = (
					"$(inherited)",
					"@executable_path/Frameworks",
				);
				PRODUCT_BUNDLE_IDENTIFIER = Newton.MyMoya;
				PRODUCT_NAME = "$(TARGET_NAME)";
				SWIFT_VERSION = 4.0;
				TARGETED_DEVICE_FAMILY = "1,2";
			};
			name = Debug;
		};
		6C36D412214515E000E92282 /* Release */ = {
			isa = XCBuildConfiguration;
			buildSettings = {
				ASSETCATALOG_COMPILER_APPICON_NAME = AppIcon;
				CODE_SIGN_STYLE = Automatic;
				DEVELOPMENT_TEAM = 7YRRPBDK2Z;
				FRAMEWORK_SEARCH_PATHS = (
					"$(inherited)",
					"$(PROJECT_DIR)/Carthage/Build/iOS",
				);
				INFOPLIST_FILE = MyMoya/Info.plist;
				LD_RUNPATH_SEARCH_PATHS = (
					"$(inherited)",
					"@executable_path/Frameworks",
				);
				PRODUCT_BUNDLE_IDENTIFIER = Newton.MyMoya;
				PRODUCT_NAME = "$(TARGET_NAME)";
				SWIFT_VERSION = 4.0;
				TARGETED_DEVICE_FAMILY = "1,2";
			};
			name = Release;
		};
		6C36D414214515E000E92282 /* Debug */ = {
			isa = XCBuildConfiguration;
			buildSettings = {
				ALWAYS_EMBED_SWIFT_STANDARD_LIBRARIES = YES;
				BUNDLE_LOADER = "$(TEST_HOST)";
				CODE_SIGN_STYLE = Automatic;
				INFOPLIST_FILE = MyMoyaTests/Info.plist;
				LD_RUNPATH_SEARCH_PATHS = (
					"$(inherited)",
					"@executable_path/Frameworks",
					"@loader_path/Frameworks",
				);
				PRODUCT_BUNDLE_IDENTIFIER = Newton.MyMoyaTests;
				PRODUCT_NAME = "$(TARGET_NAME)";
				SWIFT_VERSION = 4.0;
				TARGETED_DEVICE_FAMILY = "1,2";
				TEST_HOST = "$(BUILT_PRODUCTS_DIR)/MyMoya.app/MyMoya";
			};
			name = Debug;
		};
		6C36D415214515E000E92282 /* Release */ = {
			isa = XCBuildConfiguration;
			buildSettings = {
				ALWAYS_EMBED_SWIFT_STANDARD_LIBRARIES = YES;
				BUNDLE_LOADER = "$(TEST_HOST)";
				CODE_SIGN_STYLE = Automatic;
				INFOPLIST_FILE = MyMoyaTests/Info.plist;
				LD_RUNPATH_SEARCH_PATHS = (
					"$(inherited)",
					"@executable_path/Frameworks",
					"@loader_path/Frameworks",
				);
				PRODUCT_BUNDLE_IDENTIFIER = Newton.MyMoyaTests;
				PRODUCT_NAME = "$(TARGET_NAME)";
				SWIFT_VERSION = 4.0;
				TARGETED_DEVICE_FAMILY = "1,2";
				TEST_HOST = "$(BUILT_PRODUCTS_DIR)/MyMoya.app/MyMoya";
			};
			name = Release;
		};
		6C36D417214515E000E92282 /* Debug */ = {
			isa = XCBuildConfiguration;
			buildSettings = {
				ALWAYS_EMBED_SWIFT_STANDARD_LIBRARIES = YES;
				CODE_SIGN_STYLE = Automatic;
				INFOPLIST_FILE = MyMoyaUITests/Info.plist;
				LD_RUNPATH_SEARCH_PATHS = (
					"$(inherited)",
					"@executable_path/Frameworks",
					"@loader_path/Frameworks",
				);
				PRODUCT_BUNDLE_IDENTIFIER = Newton.MyMoyaUITests;
				PRODUCT_NAME = "$(TARGET_NAME)";
				SWIFT_VERSION = 4.0;
				TARGETED_DEVICE_FAMILY = "1,2";
				TEST_TARGET_NAME = MyMoya;
			};
			name = Debug;
		};
		6C36D418214515E000E92282 /* Release */ = {
			isa = XCBuildConfiguration;
			buildSettings = {
				ALWAYS_EMBED_SWIFT_STANDARD_LIBRARIES = YES;
				CODE_SIGN_STYLE = Automatic;
				INFOPLIST_FILE = MyMoyaUITests/Info.plist;
				LD_RUNPATH_SEARCH_PATHS = (
					"$(inherited)",
					"@executable_path/Frameworks",
					"@loader_path/Frameworks",
				);
				PRODUCT_BUNDLE_IDENTIFIER = Newton.MyMoyaUITests;
				PRODUCT_NAME = "$(TARGET_NAME)";
				SWIFT_VERSION = 4.0;
				TARGETED_DEVICE_FAMILY = "1,2";
				TEST_TARGET_NAME = MyMoya;
			};
			name = Release;
		};
/* End XCBuildConfiguration section */

/* Begin XCConfigurationList section */
		6C36D3E3214515DE00E92282 /* Build configuration list for PBXProject "MyMoya" */ = {
			isa = XCConfigurationList;
			buildConfigurations = (
				6C36D40E214515E000E92282 /* Debug */,
				6C36D40F214515E000E92282 /* Release */,
			);
			defaultConfigurationIsVisible = 0;
			defaultConfigurationName = Release;
		};
		6C36D410214515E000E92282 /* Build configuration list for PBXNativeTarget "MyMoya" */ = {
			isa = XCConfigurationList;
			buildConfigurations = (
				6C36D411214515E000E92282 /* Debug */,
				6C36D412214515E000E92282 /* Release */,
			);
			defaultConfigurationIsVisible = 0;
			defaultConfigurationName = Release;
		};
		6C36D413214515E000E92282 /* Build configuration list for PBXNativeTarget "MyMoyaTests" */ = {
			isa = XCConfigurationList;
			buildConfigurations = (
				6C36D414214515E000E92282 /* Debug */,
				6C36D415214515E000E92282 /* Release */,
			);
			defaultConfigurationIsVisible = 0;
			defaultConfigurationName = Release;
		};
		6C36D416214515E000E92282 /* Build configuration list for PBXNativeTarget "MyMoyaUITests" */ = {
			isa = XCConfigurationList;
			buildConfigurations = (
				6C36D417214515E000E92282 /* Debug */,
				6C36D418214515E000E92282 /* Release */,
			);
			defaultConfigurationIsVisible = 0;
			defaultConfigurationName = Release;
		};
/* End XCConfigurationList section */
	};
	rootObject = 6C36D3E0214515DE00E92282 /* Project object */;
}
