// !$*UTF8*$!
{
	archiveVersion = 1;
	classes = {
	};
	objectVersion = 50;
	objects = {

/* Begin PBXBuildFile section */
		6C2FE7162144AFE700BACBEE /* Alamofire.framework in Frameworks */ = {isa = PBXBuildFile; fileRef = 6C2FE7142144AF5900BACBEE /* Alamofire.framework */; };
		6C2FE7172144AFE700BACBEE /* Alamofire.framework in Embed Frameworks */ = {isa = PBXBuildFile; fileRef = 6C2FE7142144AF5900BACBEE /* Alamofire.framework */; settings = {ATTRIBUTES = (CodeSignOnCopy, RemoveHeadersOnCopy, ); }; };
		6CD2C63F2144AD29004F34C2 /* AppDelegate.swift in Sources */ = {isa = PBXBuildFile; fileRef = 6CD2C63E2144AD29004F34C2 /* AppDelegate.swift */; };
		6CD2C6412144AD29004F34C2 /* ViewController.swift in Sources */ = {isa = PBXBuildFile; fileRef = 6CD2C6402144AD29004F34C2 /* ViewController.swift */; };
		6CD2C6442144AD29004F34C2 /* Main.storyboard in Resources */ = {isa = PBXBuildFile; fileRef = 6CD2C6422144AD29004F34C2 /* Main.storyboard */; };
		6CD2C6462144AD2C004F34C2 /* Assets.xcassets in Resources */ = {isa = PBXBuildFile; fileRef = 6CD2C6452144AD2C004F34C2 /* Assets.xcassets */; };
		6CD2C6492144AD2C004F34C2 /* LaunchScreen.storyboard in Resources */ = {isa = PBXBuildFile; fileRef = 6CD2C6472144AD2C004F34C2 /* LaunchScreen.storyboard */; };
		6CD2C6542144AD2C004F34C2 /* MyAlamofireTests.swift in Sources */ = {isa = PBXBuildFile; fileRef = 6CD2C6532144AD2C004F34C2 /* MyAlamofireTests.swift */; };
		6CD2C65F2144AD2C004F34C2 /* MyAlamofireUITests.swift in Sources */ = {isa = PBXBuildFile; fileRef = 6CD2C65E2144AD2C004F34C2 /* MyAlamofireUITests.swift */; };
/* End PBXBuildFile section */

/* Begin PBXContainerItemProxy section */
		6CD2C6502144AD2C004F34C2 /* PBXContainerItemProxy */ = {
			isa = PBXContainerItemProxy;
			containerPortal = 6CD2C6332144AD29004F34C2 /* Project object */;
			proxyType = 1;
			remoteGlobalIDString = 6CD2C63A2144AD29004F34C2;
			remoteInfo = MyAlamofire;
		};
		6CD2C65B2144AD2C004F34C2 /* PBXContainerItemProxy */ = {
			isa = PBXContainerItemProxy;
			containerPortal = 6CD2C6332144AD29004F34C2 /* Project object */;
			proxyType = 1;
			remoteGlobalIDString = 6CD2C63A2144AD29004F34C2;
			remoteInfo = MyAlamofire;
		};
/* End PBXContainerItemProxy section */

/* Begin PBXCopyFilesBuildPhase section */
		6C2FE7182144AFE700BACBEE /* Embed Frameworks */ = {
			isa = PBXCopyFilesBuildPhase;
			buildActionMask = 2147483647;
			dstPath = "";
			dstSubfolderSpec = 10;
			files = (
				6C2FE7172144AFE700BACBEE /* Alamofire.framework in Embed Frameworks */,
			);
			name = "Embed Frameworks";
			runOnlyForDeploymentPostprocessing = 0;
		};
/* End PBXCopyFilesBuildPhase section */

/* Begin PBXFileReference section */
		6C2FE7142144AF5900BACBEE /* Alamofire.framework */ = {isa = PBXFileReference; lastKnownFileType = wrapper.framework; name = Alamofire.framework; path = Carthage/Build/iOS/Alamofire.framework; sourceTree = "<group>"; };
		6CD2C63B2144AD29004F34C2 /* MyAlamofire.app */ = {isa = PBXFileReference; explicitFileType = wrapper.application; includeInIndex = 0; path = MyAlamofire.app; sourceTree = BUILT_PRODUCTS_DIR; };
		6CD2C63E2144AD29004F34C2 /* AppDelegate.swift */ = {isa = PBXFileReference; lastKnownFileType = sourcecode.swift; path = AppDelegate.swift; sourceTree = "<group>"; };
		6CD2C6402144AD29004F34C2 /* ViewController.swift */ = {isa = PBXFileReference; lastKnownFileType = sourcecode.swift; path = ViewController.swift; sourceTree = "<group>"; };
		6CD2C6432144AD29004F34C2 /* Base */ = {isa = PBXFileReference; lastKnownFileType = file.storyboard; name = Base; path = Base.lproj/Main.storyboard; sourceTree = "<group>"; };
		6CD2C6452144AD2C004F34C2 /* Assets.xcassets */ = {isa = PBXFileReference; lastKnownFileType = folder.assetcatalog; path = Assets.xcassets; sourceTree = "<group>"; };
		6CD2C6482144AD2C004F34C2 /* Base */ = {isa = PBXFileReference; lastKnownFileType = file.storyboard; name = Base; path = Base.lproj/LaunchScreen.storyboard; sourceTree = "<group>"; };
		6CD2C64A2144AD2C004F34C2 /* Info.plist */ = {isa = PBXFileReference; lastKnownFileType = text.plist.xml; path = Info.plist; sourceTree = "<group>"; };
		6CD2C64F2144AD2C004F34C2 /* MyAlamofireTests.xctest */ = {isa = PBXFileReference; explicitFileType = wrapper.cfbundle; includeInIndex = 0; path = MyAlamofireTests.xctest; sourceTree = BUILT_PRODUCTS_DIR; };
		6CD2C6532144AD2C004F34C2 /* MyAlamofireTests.swift */ = {isa = PBXFileReference; lastKnownFileType = sourcecode.swift; path = MyAlamofireTests.swift; sourceTree = "<group>"; };
		6CD2C6552144AD2C004F34C2 /* Info.plist */ = {isa = PBXFileReference; lastKnownFileType = text.plist.xml; path = Info.plist; sourceTree = "<group>"; };
		6CD2C65A2144AD2C004F34C2 /* MyAlamofireUITests.xctest */ = {isa = PBXFileReference; explicitFileType = wrapper.cfbundle; includeInIndex = 0; path = MyAlamofireUITests.xctest; sourceTree = BUILT_PRODUCTS_DIR; };
		6CD2C65E2144AD2C004F34C2 /* MyAlamofireUITests.swift */ = {isa = PBXFileReference; lastKnownFileType = sourcecode.swift; path = MyAlamofireUITests.swift; sourceTree = "<group>"; };
		6CD2C6602144AD2C004F34C2 /* Info.plist */ = {isa = PBXFileReference; lastKnownFileType = text.plist.xml; path = Info.plist; sourceTree = "<group>"; };
/* End PBXFileReference section */

/* Begin PBXFrameworksBuildPhase section */
		6CD2C6382144AD29004F34C2 /* Frameworks */ = {
			isa = PBXFrameworksBuildPhase;
			buildActionMask = 2147483647;
			files = (
				6C2FE7162144AFE700BACBEE /* Alamofire.framework in Frameworks */,
			);
			runOnlyForDeploymentPostprocessing = 0;
		};
		6CD2C64C2144AD2C004F34C2 /* Frameworks */ = {
			isa = PBXFrameworksBuildPhase;
			buildActionMask = 2147483647;
			files = (
			);
			runOnlyForDeploymentPostprocessing = 0;
		};
		6CD2C6572144AD2C004F34C2 /* Frameworks */ = {
			isa = PBXFrameworksBuildPhase;
			buildActionMask = 2147483647;
			files = (
			);
			runOnlyForDeploymentPostprocessing = 0;
		};
/* End PBXFrameworksBuildPhase section */

/* Begin PBXGroup section */
		6C2FE7132144AF5800BACBEE /* Frameworks */ = {
			isa = PBXGroup;
			children = (
				6C2FE7142144AF5900BACBEE /* Alamofire.framework */,
			);
			name = Frameworks;
			sourceTree = "<group>";
		};
		6CD2C6322144AD29004F34C2 = {
			isa = PBXGroup;
			children = (
				6CD2C63D2144AD29004F34C2 /* MyAlamofire */,
				6CD2C6522144AD2C004F34C2 /* MyAlamofireTests */,
				6CD2C65D2144AD2C004F34C2 /* MyAlamofireUITests */,
				6CD2C63C2144AD29004F34C2 /* Products */,
				6C2FE7132144AF5800BACBEE /* Frameworks */,
			);
			sourceTree = "<group>";
		};
		6CD2C63C2144AD29004F34C2 /* Products */ = {
			isa = PBXGroup;
			children = (
				6CD2C63B2144AD29004F34C2 /* MyAlamofire.app */,
				6CD2C64F2144AD2C004F34C2 /* MyAlamofireTests.xctest */,
				6CD2C65A2144AD2C004F34C2 /* MyAlamofireUITests.xctest */,
			);
			name = Products;
			sourceTree = "<group>";
		};
		6CD2C63D2144AD29004F34C2 /* MyAlamofire */ = {
			isa = PBXGroup;
			children = (
				6CD2C63E2144AD29004F34C2 /* AppDelegate.swift */,
				6CD2C6402144AD29004F34C2 /* ViewController.swift */,
				6CD2C6422144AD29004F34C2 /* Main.storyboard */,
				6CD2C6452144AD2C004F34C2 /* Assets.xcassets */,
				6CD2C6472144AD2C004F34C2 /* LaunchScreen.storyboard */,
				6CD2C64A2144AD2C004F34C2 /* Info.plist */,
			);
			path = MyAlamofire;
			sourceTree = "<group>";
		};
		6CD2C6522144AD2C004F34C2 /* MyAlamofireTests */ = {
			isa = PBXGroup;
			children = (
				6CD2C6532144AD2C004F34C2 /* MyAlamofireTests.swift */,
				6CD2C6552144AD2C004F34C2 /* Info.plist */,
			);
			path = MyAlamofireTests;
			sourceTree = "<group>";
		};
		6CD2C65D2144AD2C004F34C2 /* MyAlamofireUITests */ = {
			isa = PBXGroup;
			children = (
				6CD2C65E2144AD2C004F34C2 /* MyAlamofireUITests.swift */,
				6CD2C6602144AD2C004F34C2 /* Info.plist */,
			);
			path = MyAlamofireUITests;
			sourceTree = "<group>";
		};
/* End PBXGroup section */

/* Begin PBXNativeTarget section */
		6CD2C63A2144AD29004F34C2 /* MyAlamofire */ = {
			isa = PBXNativeTarget;
			buildConfigurationList = 6CD2C6632144AD2C004F34C2 /* Build configuration list for PBXNativeTarget "MyAlamofire" */;
			buildPhases = (
				6CD2C6372144AD29004F34C2 /* Sources */,
				6CD2C6382144AD29004F34C2 /* Frameworks */,
				6CD2C6392144AD29004F34C2 /* Resources */,
				6C2FE7182144AFE700BACBEE /* Embed Frameworks */,
			);
			buildRules = (
			);
			dependencies = (
			);
			name = MyAlamofire;
			productName = MyAlamofire;
			productReference = 6CD2C63B2144AD29004F34C2 /* MyAlamofire.app */;
			productType = "com.apple.product-type.application";
		};
		6CD2C64E2144AD2C004F34C2 /* MyAlamofireTests */ = {
			isa = PBXNativeTarget;
			buildConfigurationList = 6CD2C6662144AD2C004F34C2 /* Build configuration list for PBXNativeTarget "MyAlamofireTests" */;
			buildPhases = (
				6CD2C64B2144AD2C004F34C2 /* Sources */,
				6CD2C64C2144AD2C004F34C2 /* Frameworks */,
				6CD2C64D2144AD2C004F34C2 /* Resources */,
			);
			buildRules = (
			);
			dependencies = (
				6CD2C6512144AD2C004F34C2 /* PBXTargetDependency */,
			);
			name = MyAlamofireTests;
			productName = MyAlamofireTests;
			productReference = 6CD2C64F2144AD2C004F34C2 /* MyAlamofireTests.xctest */;
			productType = "com.apple.product-type.bundle.unit-test";
		};
		6CD2C6592144AD2C004F34C2 /* MyAlamofireUITests */ = {
			isa = PBXNativeTarget;
			buildConfigurationList = 6CD2C6692144AD2C004F34C2 /* Build configuration list for PBXNativeTarget "MyAlamofireUITests" */;
			buildPhases = (
				6CD2C6562144AD2C004F34C2 /* Sources */,
				6CD2C6572144AD2C004F34C2 /* Frameworks */,
				6CD2C6582144AD2C004F34C2 /* Resources */,
			);
			buildRules = (
			);
			dependencies = (
				6CD2C65C2144AD2C004F34C2 /* PBXTargetDependency */,
			);
			name = MyAlamofireUITests;
			productName = MyAlamofireUITests;
			productReference = 6CD2C65A2144AD2C004F34C2 /* MyAlamofireUITests.xctest */;
			productType = "com.apple.product-type.bundle.ui-testing";
		};
/* End PBXNativeTarget section */

/* Begin PBXProject section */
		6CD2C6332144AD29004F34C2 /* Project object */ = {
			isa = PBXProject;
			attributes = {
				LastSwiftUpdateCheck = 0940;
				LastUpgradeCheck = 0940;
				ORGANIZATIONNAME = Jason;
				TargetAttributes = {
					6CD2C63A2144AD29004F34C2 = {
						CreatedOnToolsVersion = 9.4.1;
					};
					6CD2C64E2144AD2C004F34C2 = {
						CreatedOnToolsVersion = 9.4.1;
						TestTargetID = 6CD2C63A2144AD29004F34C2;
					};
					6CD2C6592144AD2C004F34C2 = {
						CreatedOnToolsVersion = 9.4.1;
						TestTargetID = 6CD2C63A2144AD29004F34C2;
					};
				};
			};
			buildConfigurationList = 6CD2C6362144AD29004F34C2 /* Build configuration list for PBXProject "MyAlamofire" */;
			compatibilityVersion = "Xcode 9.3";
			developmentRegion = en;
			hasScannedForEncodings = 0;
			knownRegions = (
				en,
				Base,
			);
			mainGroup = 6CD2C6322144AD29004F34C2;
			productRefGroup = 6CD2C63C2144AD29004F34C2 /* Products */;
			projectDirPath = "";
			projectRoot = "";
			targets = (
				6CD2C63A2144AD29004F34C2 /* MyAlamofire */,
				6CD2C64E2144AD2C004F34C2 /* MyAlamofireTests */,
				6CD2C6592144AD2C004F34C2 /* MyAlamofireUITests */,
			);
		};
/* End PBXProject section */

/* Begin PBXResourcesBuildPhase section */
		6CD2C6392144AD29004F34C2 /* Resources */ = {
			isa = PBXResourcesBuildPhase;
			buildActionMask = 2147483647;
			files = (
				6CD2C6492144AD2C004F34C2 /* LaunchScreen.storyboard in Resources */,
				6CD2C6462144AD2C004F34C2 /* Assets.xcassets in Resources */,
				6CD2C6442144AD29004F34C2 /* Main.storyboard in Resources */,
			);
			runOnlyForDeploymentPostprocessing = 0;
		};
		6CD2C64D2144AD2C004F34C2 /* Resources */ = {
			isa = PBXResourcesBuildPhase;
			buildActionMask = 2147483647;
			files = (
			);
			runOnlyForDeploymentPostprocessing = 0;
		};
		6CD2C6582144AD2C004F34C2 /* Resources */ = {
			isa = PBXResourcesBuildPhase;
			buildActionMask = 2147483647;
			files = (
			);
			runOnlyForDeploymentPostprocessing = 0;
		};
/* End PBXResourcesBuildPhase section */

/* Begin PBXSourcesBuildPhase section */
		6CD2C6372144AD29004F34C2 /* Sources */ = {
			isa = PBXSourcesBuildPhase;
			buildActionMask = 2147483647;
			files = (
				6CD2C6412144AD29004F34C2 /* ViewController.swift in Sources */,
				6CD2C63F2144AD29004F34C2 /* AppDelegate.swift in Sources */,
			);
			runOnlyForDeploymentPostprocessing = 0;
		};
		6CD2C64B2144AD2C004F34C2 /* Sources */ = {
			isa = PBXSourcesBuildPhase;
			buildActionMask = 2147483647;
			files = (
				6CD2C6542144AD2C004F34C2 /* MyAlamofireTests.swift in Sources */,
			);
			runOnlyForDeploymentPostprocessing = 0;
		};
		6CD2C6562144AD2C004F34C2 /* Sources */ = {
			isa = PBXSourcesBuildPhase;
			buildActionMask = 2147483647;
			files = (
				6CD2C65F2144AD2C004F34C2 /* MyAlamofireUITests.swift in Sources */,
			);
			runOnlyForDeploymentPostprocessing = 0;
		};
/* End PBXSourcesBuildPhase section */

/* Begin PBXTargetDependency section */
		6CD2C6512144AD2C004F34C2 /* PBXTargetDependency */ = {
			isa = PBXTargetDependency;
			target = 6CD2C63A2144AD29004F34C2 /* MyAlamofire */;
			targetProxy = 6CD2C6502144AD2C004F34C2 /* PBXContainerItemProxy */;
		};
		6CD2C65C2144AD2C004F34C2 /* PBXTargetDependency */ = {
			isa = PBXTargetDependency;
			target = 6CD2C63A2144AD29004F34C2 /* MyAlamofire */;
			targetProxy = 6CD2C65B2144AD2C004F34C2 /* PBXContainerItemProxy */;
		};
/* End PBXTargetDependency section */

/* Begin PBXVariantGroup section */
		6CD2C6422144AD29004F34C2 /* Main.storyboard */ = {
			isa = PBXVariantGroup;
			children = (
				6CD2C6432144AD29004F34C2 /* Base */,
			);
			name = Main.storyboard;
			sourceTree = "<group>";
		};
		6CD2C6472144AD2C004F34C2 /* LaunchScreen.storyboard */ = {
			isa = PBXVariantGroup;
			children = (
				6CD2C6482144AD2C004F34C2 /* Base */,
			);
			name = LaunchScreen.storyboard;
			sourceTree = "<group>";
		};
/* End PBXVariantGroup section */

/* Begin XCBuildConfiguration section */
		6CD2C6612144AD2C004F34C2 /* Debug */ = {
			isa = XCBuildConfiguration;
			buildSettings = {
				ALWAYS_SEARCH_USER_PATHS = NO;
				CLANG_ANALYZER_NONNULL = YES;
				CLANG_ANALYZER_NUMBER_OBJECT_CONVERSION = YES_AGGRESSIVE;
				CLANG_CXX_LANGUAGE_STANDARD = "gnu++14";
				CLANG_CXX_LIBRARY = "libc++";
				CLANG_ENABLE_MODULES = YES;
				CLANG_ENABLE_OBJC_ARC = YES;
				CLANG_ENABLE_OBJC_WEAK = YES;
				CLANG_WARN_BLOCK_CAPTURE_AUTORELEASING = YES;
				CLANG_WARN_BOOL_CONVERSION = YES;
				CLANG_WARN_COMMA = YES;
				CLANG_WARN_CONSTANT_CONVERSION = YES;
				CLANG_WARN_DEPRECATED_OBJC_IMPLEMENTATIONS = YES;
				CLANG_WARN_DIRECT_OBJC_ISA_USAGE = YES_ERROR;
				CLANG_WARN_DOCUMENTATION_COMMENTS = YES;
				CLANG_WARN_EMPTY_BODY = YES;
				CLANG_WARN_ENUM_CONVERSION = YES;
				CLANG_WARN_INFINITE_RECURSION = YES;
				CLANG_WARN_INT_CONVERSION = YES;
				CLANG_WARN_NON_LITERAL_NULL_CONVERSION = YES;
				CLANG_WARN_OBJC_IMPLICIT_RETAIN_SELF = YES;
				CLANG_WARN_OBJC_LITERAL_CONVERSION = YES;
				CLANG_WARN_OBJC_ROOT_CLASS = YES_ERROR;
				CLANG_WARN_RANGE_LOOP_ANALYSIS = YES;
				CLANG_WARN_STRICT_PROTOTYPES = YES;
				CLANG_WARN_SUSPICIOUS_MOVE = YES;
				CLANG_WARN_UNGUARDED_AVAILABILITY = YES_AGGRESSIVE;
				CLANG_WARN_UNREACHABLE_CODE = YES;
				CLANG_WARN__DUPLICATE_METHOD_MATCH = YES;
				CODE_SIGN_IDENTITY = "iPhone Developer";
				COPY_PHASE_STRIP = NO;
				DEBUG_INFORMATION_FORMAT = dwarf;
				ENABLE_STRICT_OBJC_MSGSEND = YES;
				ENABLE_TESTABILITY = YES;
				GCC_C_LANGUAGE_STANDARD = gnu11;
				GCC_DYNAMIC_NO_PIC = NO;
				GCC_NO_COMMON_BLOCKS = YES;
				GCC_OPTIMIZATION_LEVEL = 0;
				GCC_PREPROCESSOR_DEFINITIONS = (
					"DEBUG=1",
					"$(inherited)",
				);
				GCC_WARN_64_TO_32_BIT_CONVERSION = YES;
				GCC_WARN_ABOUT_RETURN_TYPE = YES_ERROR;
				GCC_WARN_UNDECLARED_SELECTOR = YES;
				GCC_WARN_UNINITIALIZED_AUTOS = YES_AGGRESSIVE;
				GCC_WARN_UNUSED_FUNCTION = YES;
				GCC_WARN_UNUSED_VARIABLE = YES;
				IPHONEOS_DEPLOYMENT_TARGET = 11.4;
				MTL_ENABLE_DEBUG_INFO = YES;
				ONLY_ACTIVE_ARCH = YES;
				SDKROOT = iphoneos;
				SWIFT_ACTIVE_COMPILATION_CONDITIONS = DEBUG;
				SWIFT_OPTIMIZATION_LEVEL = "-Onone";
			};
			name = Debug;
		};
		6CD2C6622144AD2C004F34C2 /* Release */ = {
			isa = XCBuildConfiguration;
			buildSettings = {
				ALWAYS_SEARCH_USER_PATHS = NO;
				CLANG_ANALYZER_NONNULL = YES;
				CLANG_ANALYZER_NUMBER_OBJECT_CONVERSION = YES_AGGRESSIVE;
				CLANG_CXX_LANGUAGE_STANDARD = "gnu++14";
				CLANG_CXX_LIBRARY = "libc++";
				CLANG_ENABLE_MODULES = YES;
				CLANG_ENABLE_OBJC_ARC = YES;
				CLANG_ENABLE_OBJC_WEAK = YES;
				CLANG_WARN_BLOCK_CAPTURE_AUTORELEASING = YES;
				CLANG_WARN_BOOL_CONVERSION = YES;
				CLANG_WARN_COMMA = YES;
				CLANG_WARN_CONSTANT_CONVERSION = YES;
				CLANG_WARN_DEPRECATED_OBJC_IMPLEMENTATIONS = YES;
				CLANG_WARN_DIRECT_OBJC_ISA_USAGE = YES_ERROR;
				CLANG_WARN_DOCUMENTATION_COMMENTS = YES;
				CLANG_WARN_EMPTY_BODY = YES;
				CLANG_WARN_ENUM_CONVERSION = YES;
				CLANG_WARN_INFINITE_RECURSION = YES;
				CLANG_WARN_INT_CONVERSION = YES;
				CLANG_WARN_NON_LITERAL_NULL_CONVERSION = YES;
				CLANG_WARN_OBJC_IMPLICIT_RETAIN_SELF = YES;
				CLANG_WARN_OBJC_LITERAL_CONVERSION = YES;
				CLANG_WARN_OBJC_ROOT_CLASS = YES_ERROR;
				CLANG_WARN_RANGE_LOOP_ANALYSIS = YES;
				CLANG_WARN_STRICT_PROTOTYPES = YES;
				CLANG_WARN_SUSPICIOUS_MOVE = YES;
				CLANG_WARN_UNGUARDED_AVAILABILITY = YES_AGGRESSIVE;
				CLANG_WARN_UNREACHABLE_CODE = YES;
				CLANG_WARN__DUPLICATE_METHOD_MATCH = YES;
				CODE_SIGN_IDENTITY = "iPhone Developer";
				COPY_PHASE_STRIP = NO;
				DEBUG_INFORMATION_FORMAT = "dwarf-with-dsym";
				ENABLE_NS_ASSERTIONS = NO;
				ENABLE_STRICT_OBJC_MSGSEND = YES;
				GCC_C_LANGUAGE_STANDARD = gnu11;
				GCC_NO_COMMON_BLOCKS = YES;
				GCC_WARN_64_TO_32_BIT_CONVERSION = YES;
				GCC_WARN_ABOUT_RETURN_TYPE = YES_ERROR;
				GCC_WARN_UNDECLARED_SELECTOR = YES;
				GCC_WARN_UNINITIALIZED_AUTOS = YES_AGGRESSIVE;
				GCC_WARN_UNUSED_FUNCTION = YES;
				GCC_WARN_UNUSED_VARIABLE = YES;
				IPHONEOS_DEPLOYMENT_TARGET = 11.4;
				MTL_ENABLE_DEBUG_INFO = NO;
				SDKROOT = iphoneos;
				SWIFT_COMPILATION_MODE = wholemodule;
				SWIFT_OPTIMIZATION_LEVEL = "-O";
				VALIDATE_PRODUCT = YES;
			};
			name = Release;
		};
		6CD2C6642144AD2C004F34C2 /* Debug */ = {
			isa = XCBuildConfiguration;
			buildSettings = {
				ASSETCATALOG_COMPILER_APPICON_NAME = AppIcon;
				CODE_SIGN_STYLE = Automatic;
				DEVELOPMENT_TEAM = 7YRRPBDK2Z;
				FRAMEWORK_SEARCH_PATHS = (
					"$(inherited)",
					"$(PROJECT_DIR)/Carthage/Build/iOS",
				);
				INFOPLIST_FILE = MyAlamofire/Info.plist;
				LD_RUNPATH_SEARCH_PATHS = (
					"$(inherited)",
					"@executable_path/Frameworks",
				);
				PRODUCT_BUNDLE_IDENTIFIER = Newton.MyAlamofire;
				PRODUCT_NAME = "$(TARGET_NAME)";
				SWIFT_VERSION = 4.0;
				TARGETED_DEVICE_FAMILY = "1,2";
			};
			name = Debug;
		};
		6CD2C6652144AD2C004F34C2 /* Release */ = {
			isa = XCBuildConfiguration;
			buildSettings = {
				ASSETCATALOG_COMPILER_APPICON_NAME = AppIcon;
				CODE_SIGN_STYLE = Automatic;
				DEVELOPMENT_TEAM = 7YRRPBDK2Z;
				FRAMEWORK_SEARCH_PATHS = (
					"$(inherited)",
					"$(PROJECT_DIR)/Carthage/Build/iOS",
				);
				INFOPLIST_FILE = MyAlamofire/Info.plist;
				LD_RUNPATH_SEARCH_PATHS = (
					"$(inherited)",
					"@executable_path/Frameworks",
				);
				PRODUCT_BUNDLE_IDENTIFIER = Newton.MyAlamofire;
				PRODUCT_NAME = "$(TARGET_NAME)";
				SWIFT_VERSION = 4.0;
				TARGETED_DEVICE_FAMILY = "1,2";
			};
			name = Release;
		};
		6CD2C6672144AD2C004F34C2 /* Debug */ = {
			isa = XCBuildConfiguration;
			buildSettings = {
				ALWAYS_EMBED_SWIFT_STANDARD_LIBRARIES = YES;
				BUNDLE_LOADER = "$(TEST_HOST)";
				CODE_SIGN_STYLE = Automatic;
				INFOPLIST_FILE = MyAlamofireTests/Info.plist;
				LD_RUNPATH_SEARCH_PATHS = (
					"$(inherited)",
					"@executable_path/Frameworks",
					"@loader_path/Frameworks",
				);
				PRODUCT_BUNDLE_IDENTIFIER = Newton.MyAlamofireTests;
				PRODUCT_NAME = "$(TARGET_NAME)";
				SWIFT_VERSION = 4.0;
				TARGETED_DEVICE_FAMILY = "1,2";
				TEST_HOST = "$(BUILT_PRODUCTS_DIR)/MyAlamofire.app/MyAlamofire";
			};
			name = Debug;
		};
		6CD2C6682144AD2C004F34C2 /* Release */ = {
			isa = XCBuildConfiguration;
			buildSettings = {
				ALWAYS_EMBED_SWIFT_STANDARD_LIBRARIES = YES;
				BUNDLE_LOADER = "$(TEST_HOST)";
				CODE_SIGN_STYLE = Automatic;
				INFOPLIST_FILE = MyAlamofireTests/Info.plist;
				LD_RUNPATH_SEARCH_PATHS = (
					"$(inherited)",
					"@executable_path/Frameworks",
					"@loader_path/Frameworks",
				);
				PRODUCT_BUNDLE_IDENTIFIER = Newton.MyAlamofireTests;
				PRODUCT_NAME = "$(TARGET_NAME)";
				SWIFT_VERSION = 4.0;
				TARGETED_DEVICE_FAMILY = "1,2";
				TEST_HOST = "$(BUILT_PRODUCTS_DIR)/MyAlamofire.app/MyAlamofire";
			};
			name = Release;
		};
		6CD2C66A2144AD2C004F34C2 /* Debug */ = {
			isa = XCBuildConfiguration;
			buildSettings = {
				ALWAYS_EMBED_SWIFT_STANDARD_LIBRARIES = YES;
				CODE_SIGN_STYLE = Automatic;
				INFOPLIST_FILE = MyAlamofireUITests/Info.plist;
				LD_RUNPATH_SEARCH_PATHS = (
					"$(inherited)",
					"@executable_path/Frameworks",
					"@loader_path/Frameworks",
				);
				PRODUCT_BUNDLE_IDENTIFIER = Newton.MyAlamofireUITests;
				PRODUCT_NAME = "$(TARGET_NAME)";
				SWIFT_VERSION = 4.0;
				TARGETED_DEVICE_FAMILY = "1,2";
				TEST_TARGET_NAME = MyAlamofire;
			};
			name = Debug;
		};
		6CD2C66B2144AD2C004F34C2 /* Release */ = {
			isa = XCBuildConfiguration;
			buildSettings = {
				ALWAYS_EMBED_SWIFT_STANDARD_LIBRARIES = YES;
				CODE_SIGN_STYLE = Automatic;
				INFOPLIST_FILE = MyAlamofireUITests/Info.plist;
				LD_RUNPATH_SEARCH_PATHS = (
					"$(inherited)",
					"@executable_path/Frameworks",
					"@loader_path/Frameworks",
				);
				PRODUCT_BUNDLE_IDENTIFIER = Newton.MyAlamofireUITests;
				PRODUCT_NAME = "$(TARGET_NAME)";
				SWIFT_VERSION = 4.0;
				TARGETED_DEVICE_FAMILY = "1,2";
				TEST_TARGET_NAME = MyAlamofire;
			};
			name = Release;
		};
/* End XCBuildConfiguration section */

/* Begin XCConfigurationList section */
		6CD2C6362144AD29004F34C2 /* Build configuration list for PBXProject "MyAlamofire" */ = {
			isa = XCConfigurationList;
			buildConfigurations = (
				6CD2C6612144AD2C004F34C2 /* Debug */,
				6CD2C6622144AD2C004F34C2 /* Release */,
			);
			defaultConfigurationIsVisible = 0;
			defaultConfigurationName = Release;
		};
		6CD2C6632144AD2C004F34C2 /* Build configuration list for PBXNativeTarget "MyAlamofire" */ = {
			isa = XCConfigurationList;
			buildConfigurations = (
				6CD2C6642144AD2C004F34C2 /* Debug */,
				6CD2C6652144AD2C004F34C2 /* Release */,
			);
			defaultConfigurationIsVisible = 0;
			defaultConfigurationName = Release;
		};
		6CD2C6662144AD2C004F34C2 /* Build configuration list for PBXNativeTarget "MyAlamofireTests" */ = {
			isa = XCConfigurationList;
			buildConfigurations = (
				6CD2C6672144AD2C004F34C2 /* Debug */,
				6CD2C6682144AD2C004F34C2 /* Release */,
			);
			defaultConfigurationIsVisible = 0;
			defaultConfigurationName = Release;
		};
		6CD2C6692144AD2C004F34C2 /* Build configuration list for PBXNativeTarget "MyAlamofireUITests" */ = {
			isa = XCConfigurationList;
			buildConfigurations = (
				6CD2C66A2144AD2C004F34C2 /* Debug */,
				6CD2C66B2144AD2C004F34C2 /* Release */,
			);
			defaultConfigurationIsVisible = 0;
			defaultConfigurationName = Release;
		};
/* End XCConfigurationList section */
	};
	rootObject = 6CD2C6332144AD29004F34C2 /* Project object */;
}
